
Microsoft Visual Studio Solution File, Format Version 12.00
# Visual Studio Version 17
VisualStudioVersion = 17.9.34616.47
MinimumVisualStudioVersion = 10.0.40219.1
Project("{2150E333-8FDC-42A3-9474-1A3956D46DE8}") = "Solution Items", "Solution Items", "{72D568E9-23A6-46FD-97F0-7411FC0B2C8D}"
	ProjectSection(SolutionItems) = preProject
		README.txt = README.txt
	EndProjectSection
EndProject
Project("{9A19103F-16F7-4668-BE54-9A1E7A4F7556}") = "Core", "src\Core\Core.csproj", "{53C6A5D9-4A4C-478A-8E30-5E0133EE1CB3}"
EndProject
Project("{9A19103F-16F7-4668-BE54-9A1E7A4F7556}") = "Application", "src\Application\Application.csproj", "{2D783C37-915B-4931-9D4A-1342558B63E2}"
EndProject
Project("{9A19103F-16F7-4668-BE54-9A1E7A4F7556}") = "Blazor", "src\Blazor\Blazor.csproj", "{7AAB958A-2C35-4A21-BE16-DA104B869F21}"
EndProject
Project("{9A19103F-16F7-4668-BE54-9A1E7A4F7556}") = "ConsoleSearch", "src\ConsoleSearch\ConsoleSearch.csproj", "{3B6644A3-FB55-4584-BA63-F38693989A02}"
EndProject
Project("{9A19103F-16F7-4668-BE54-9A1E7A4F7556}") = "indexer", "src\indexer\indexer.csproj", "{15A6CB7A-6F96-40FD-82A3-2E01199A93D6}"
EndProject
Project("{9A19103F-16F7-4668-BE54-9A1E7A4F7556}") = "Renamer", "src\Renamer\Renamer.csproj", "{012F27F0-71E6-4D1E-9106-51408C617583}"
EndProject
Project("{9A19103F-16F7-4668-BE54-9A1E7A4F7556}") = "SearchAPI", "src\SearchAPI\SearchAPI.csproj", "{CF80BA96-0CDF-449B-BCE7-FFBB28B60D12}"
EndProject
Project("{9A19103F-16F7-4668-BE54-9A1E7A4F7556}") = "Loadbalancer", "src\Loadbalancer\Loadbalancer.csproj", "{BCFC9414-BDEB-459C-851C-78842187C039}"
EndProject
Global
	GlobalSection(SolutionConfigurationPlatforms) = preSolution
		Debug|Any CPU = Debug|Any CPU
		Release|Any CPU = Release|Any CPU
	EndGlobalSection
	GlobalSection(ProjectConfigurationPlatforms) = postSolution
		{53C6A5D9-4A4C-478A-8E30-5E0133EE1CB3}.Debug|Any CPU.ActiveCfg = Debug|Any CPU
		{53C6A5D9-4A4C-478A-8E30-5E0133EE1CB3}.Debug|Any CPU.Build.0 = Debug|Any CPU
		{53C6A5D9-4A4C-478A-8E30-5E0133EE1CB3}.Release|Any CPU.ActiveCfg = Release|Any CPU
		{53C6A5D9-4A4C-478A-8E30-5E0133EE1CB3}.Release|Any CPU.Build.0 = Release|Any CPU
		{2D783C37-915B-4931-9D4A-1342558B63E2}.Debug|Any CPU.ActiveCfg = Debug|Any CPU
		{2D783C37-915B-4931-9D4A-1342558B63E2}.Debug|Any CPU.Build.0 = Debug|Any CPU
		{2D783C37-915B-4931-9D4A-1342558B63E2}.Release|Any CPU.ActiveCfg = Release|Any CPU
		{2D783C37-915B-4931-9D4A-1342558B63E2}.Release|Any CPU.Build.0 = Release|Any CPU
		{7AAB958A-2C35-4A21-BE16-DA104B869F21}.Debug|Any CPU.ActiveCfg = Debug|Any CPU
		{7AAB958A-2C35-4A21-BE16-DA104B869F21}.Debug|Any CPU.Build.0 = Debug|Any CPU
		{7AAB958A-2C35-4A21-BE16-DA104B869F21}.Release|Any CPU.ActiveCfg = Release|Any CPU
		{7AAB958A-2C35-4A21-BE16-DA104B869F21}.Release|Any CPU.Build.0 = Release|Any CPU
		{3B6644A3-FB55-4584-BA63-F38693989A02}.Debug|Any CPU.ActiveCfg = Debug|Any CPU
		{3B6644A3-FB55-4584-BA63-F38693989A02}.Debug|Any CPU.Build.0 = Debug|Any CPU
		{3B6644A3-FB55-4584-BA63-F38693989A02}.Release|Any CPU.ActiveCfg = Release|Any CPU
		{3B6644A3-FB55-4584-BA63-F38693989A02}.Release|Any CPU.Build.0 = Release|Any CPU
		{15A6CB7A-6F96-40FD-82A3-2E01199A93D6}.Debug|Any CPU.ActiveCfg = Debug|Any CPU
		{15A6CB7A-6F96-40FD-82A3-2E01199A93D6}.Debug|Any CPU.Build.0 = Debug|Any CPU
		{15A6CB7A-6F96-40FD-82A3-2E01199A93D6}.Release|Any CPU.ActiveCfg = Release|Any CPU
		{15A6CB7A-6F96-40FD-82A3-2E01199A93D6}.Release|Any CPU.Build.0 = Release|Any CPU
		{012F27F0-71E6-4D1E-9106-51408C617583}.Debug|Any CPU.ActiveCfg = Debug|Any CPU
		{012F27F0-71E6-4D1E-9106-51408C617583}.Debug|Any CPU.Build.0 = Debug|Any CPU
		{012F27F0-71E6-4D1E-9106-51408C617583}.Release|Any CPU.ActiveCfg = Release|Any CPU
		{012F27F0-71E6-4D1E-9106-51408C617583}.Release|Any CPU.Build.0 = Release|Any CPU
		{CF80BA96-0CDF-449B-BCE7-FFBB28B60D12}.Debug|Any CPU.ActiveCfg = Debug|Any CPU
		{CF80BA96-0CDF-449B-BCE7-FFBB28B60D12}.Debug|Any CPU.Build.0 = Debug|Any CPU
		{CF80BA96-0CDF-449B-BCE7-FFBB28B60D12}.Release|Any CPU.ActiveCfg = Release|Any CPU
		{CF80BA96-0CDF-449B-BCE7-FFBB28B60D12}.Release|Any CPU.Build.0 = Release|Any CPU
		{BCFC9414-BDEB-459C-851C-78842187C039}.Debug|Any CPU.ActiveCfg = Debug|Any CPU
		{BCFC9414-BDEB-459C-851C-78842187C039}.Debug|Any CPU.Build.0 = Debug|Any CPU
		{BCFC9414-BDEB-459C-851C-78842187C039}.Release|Any CPU.ActiveCfg = Release|Any CPU
		{BCFC9414-BDEB-459C-851C-78842187C039}.Release|Any CPU.Build.0 = Release|Any CPU
	EndGlobalSection
	GlobalSection(SolutionProperties) = preSolution
		HideSolutionNode = FALSE
	EndGlobalSection
	GlobalSection(ExtensibilityGlobals) = postSolution
		SolutionGuid = {0EBC1CCA-0BFD-4D41-AE7E-1157EA73535D}
	EndGlobalSection
EndGlobal
